
Microsoft Visual Studio Solution File, Format Version 12.00
# Visual Studio Version 17
VisualStudioVersion = 17.13.35931.197 d17.13
MinimumVisualStudioVersion = 10.0.40219.1
Project("{FAE04EC0-301F-11D3-BF4B-00C04F79EFBC}") = "GymManagementSystem", "GymManagementSystem\GymManagementSystem.csproj", "{7D843D75-DAB1-4C87-8214-D39661A941C2}"
EndProject
Global
	GlobalSection(SolutionConfigurationPlatforms) = preSolution
		Debug|Any CPU = Debug|Any CPU
		Release|Any CPU = Release|Any CPU
	EndGlobalSection
	GlobalSection(ProjectConfigurationPlatforms) = postSolution
		{7D843D75-DAB1-4C87-8214-D39661A941C2}.Debug|Any CPU.ActiveCfg = Debug|Any CPU
		{7D843D75-DAB1-4C87-8214-D39661A941C2}.Debug|Any CPU.Build.0 = Debug|Any CPU
		{7D843D75-DAB1-4C87-8214-D39661A941C2}.Release|Any CPU.ActiveCfg = Release|Any CPU
		{7D843D75-DAB1-4C87-8214-D39661A941C2}.Release|Any CPU.Build.0 = Release|Any CPU
	EndGlobalSection
	GlobalSection(SolutionProperties) = preSolution
		HideSolutionNode = FALSE
	EndGlobalSection
	GlobalSection(ExtensibilityGlobals) = postSolution
		SolutionGuid = {FCDE3B23-D01E-4F0D-8C63-7E88746BED28}
	EndGlobalSection
EndGlobal
